
Microsoft Visual Studio Solution File, Format Version 12.00
# Visual Studio Version 17
VisualStudioVersion = 17.1.32210.238
MinimumVisualStudioVersion = 10.0.40219.1
Project("{9A19103F-16F7-4668-BE54-9A1E7A4F7556}") = "Lima.Gateway", "Gateway\Lima.Gateway\Lima.Gateway.csproj", "{EE2013BB-874C-4DBE-99FB-6B6C3EF1952F}"
EndProject
Project("{9A19103F-16F7-4668-BE54-9A1E7A4F7556}") = "Lima.Visits.Api", "Microservices\Lima.Visits.Api\Lima.Visits.Api.csproj", "{0E0ACBAA-9CE6-4951-B2A9-1F9194546D1C}"
EndProject
Project("{9A19103F-16F7-4668-BE54-9A1E7A4F7556}") = "Lima.Authentication.Api", "Microservices\Lima.Authentication.Api\Lima.Authentication.Api.csproj", "{E16CF086-846B-46FC-A49C-D461AB0370A5}"
EndProject
Project("{2150E333-8FDC-42A3-9474-1A3956D46DE8}") = "Core", "Core", "{D1458669-C6FB-4148-B609-2D980DB636EE}"
EndProject
Project("{9A19103F-16F7-4668-BE54-9A1E7A4F7556}") = "Lima.Core", "Core\Lima.Core\Lima.Core.csproj", "{AECC54DF-4F81-4BCC-8FC4-57B261D1DFC5}"
EndProject
Project("{9A19103F-16F7-4668-BE54-9A1E7A4F7556}") = "Lima.Dictionaries.Api", "Microservices\Lima.Dictionaries.Api\Lima.Dictionaries.Api.csproj", "{B34F8FAA-420A-43CA-B834-0F1FB1DD2D94}"
EndProject
Project("{9A19103F-16F7-4668-BE54-9A1E7A4F7556}") = "Lima.Incomes.Api", "Microservices\Lima.Incomes.Api\Lima.Incomes.Api.csproj", "{C8019ED2-1008-421D-9F97-27C5EF274CCA}"
EndProject
Project("{9A19103F-16F7-4668-BE54-9A1E7A4F7556}") = "Lima.Tenant.Api", "Microservices\Lima.Tenant.Api\Lima.Tenant.Api.csproj", "{7E8372C3-1D95-453E-85A0-66215B427EEE}"
EndProject
Project("{9A19103F-16F7-4668-BE54-9A1E7A4F7556}") = "Lima.Orders.Api", "Microservices\Lima.Orders.Api\Lima.Orders.Api.csproj", "{C82A5A04-0793-46E0-9E04-BC63B422D445}"
EndProject
Project("{2150E333-8FDC-42A3-9474-1A3956D46DE8}") = "Microservices", "Microservices", "{AFE9FEAA-146F-441F-99B7-2596FDD28E56}"
EndProject
Project("{2150E333-8FDC-42A3-9474-1A3956D46DE8}") = "Gateway", "Gateway", "{B4615E3C-21E7-46AE-B2C8-093B4879A4BC}"
EndProject
Project("{9A19103F-16F7-4668-BE54-9A1E7A4F7556}") = "Lima.Sales.Api", "Microservices\Lima.Sales.Api\Lima.Sales.Api.csproj", "{9658B733-989C-4023-AB96-57F8ABB3A1FF}"
EndProject
Project("{9A19103F-16F7-4668-BE54-9A1E7A4F7556}") = "Lima.Events.Api", "Microservices\Lima.Events.Api\Lima.Events.Api.csproj", "{AD65131B-BF16-450F-9032-14103C877CD4}"
EndProject
Project("{9A19103F-16F7-4668-BE54-9A1E7A4F7556}") = "Lima.Admin.Api", "Microservices\Lima.Admin.Api\Lima.Admin.Api.csproj", "{DF96A996-FA58-440A-BF00-D002ACDD4C84}"
EndProject
Project("{2150E333-8FDC-42A3-9474-1A3956D46DE8}") = "Client", "Client", "{A268561E-70FA-407E-8CDD-DEA10DCE73D8}"
EndProject
Project("{2150E333-8FDC-42A3-9474-1A3956D46DE8}") = "Lima.Services.Dictionaries", "Lima.Services.Dictionaries", "{A7D5683D-9DB4-43CA-BA44-B4C64E95FA82}"
EndProject
Project("{9A19103F-16F7-4668-BE54-9A1E7A4F7556}") = "Lima.Dictionary.Api.Test", "Tests\Lima.Dictionary.Api.Test\Lima.Dictionary.Api.Test.csproj", "{734149D7-1B1A-469E-A9C4-756B0FFA8011}"
EndProject
Project("{9092AA53-FB77-4645-B42D-1CCCA6BD08BD}") = "Lima.WebApp", "Client\Lima.WebApp\Lima.WebApp.njsproj", "{301153A0-FD6A-472E-9AE6-7F8B8F927F04}"
EndProject
Project("{2150E333-8FDC-42A3-9474-1A3956D46DE8}") = "Lima.Services.Statistics", "Lima.Services.Statistics", "{D75FB890-13C3-45FC-A68C-690E881CD9F0}"
EndProject
Project("{9A19103F-16F7-4668-BE54-9A1E7A4F7556}") = "Lima.Statistics.Api", "Microservices\Lima.Statistics.Api\Lima.Statistics.Api\Lima.Statistics.Api.csproj", "{E172C745-393D-4E99-9A11-5A3EFC160738}"
EndProject
Project("{2150E333-8FDC-42A3-9474-1A3956D46DE8}") = "Lima.Services.Reporting", "Lima.Services.Reporting", "{C137BF68-27DC-4D04-B50B-41B3A4671527}"
EndProject
Project("{9A19103F-16F7-4668-BE54-9A1E7A4F7556}") = "Lima.Reporting.Api", "Microservices\Lima.Reporting.Api\Lima.Reporting.Api.csproj", "{A2AC2C45-B89C-4F39-8B5A-8844D73178D8}"
EndProject
Project("{2150E333-8FDC-42A3-9474-1A3956D46DE8}") = "Lima.Services.Admin", "Lima.Services.Admin", "{0D0B93B7-95F6-4DA1-845A-806D7D606B7D}"
EndProject
Project("{2150E333-8FDC-42A3-9474-1A3956D46DE8}") = "Lima.Services.Authentication", "Lima.Services.Authentication", "{C5FEF05F-7CCE-4169-8025-020613D9473E}"
EndProject
Project("{2150E333-8FDC-42A3-9474-1A3956D46DE8}") = "Lima.Services.Events", "Lima.Services.Events", "{46FA835E-68BC-4440-86E3-17BE06794E12}"
EndProject
Project("{2150E333-8FDC-42A3-9474-1A3956D46DE8}") = "Lima.Services.Incomes", "Lima.Services.Incomes", "{A320D2FD-1941-4E51-AAEC-7D2AD8FFC839}"
EndProject
Project("{2150E333-8FDC-42A3-9474-1A3956D46DE8}") = "Lima.Services.Orders", "Lima.Services.Orders", "{5DE5CBA8-B865-4A9F-8547-C20871DC1628}"
EndProject
Project("{2150E333-8FDC-42A3-9474-1A3956D46DE8}") = "Lima.Services.Sales", "Lima.Services.Sales", "{00233C11-B69B-41D8-AFAD-302E6A06688E}"
EndProject
Project("{2150E333-8FDC-42A3-9474-1A3956D46DE8}") = "Lima.Services.Tenant", "Lima.Services.Tenant", "{FC5042DE-E8F5-4D49-B736-C7F8F9118DD8}"
EndProject
Project("{2150E333-8FDC-42A3-9474-1A3956D46DE8}") = "Lima.Services.Visits", "Lima.Services.Visits", "{62C3F28D-C71E-43A1-B3EE-6659CFA8F844}"
EndProject
Project("{9A19103F-16F7-4668-BE54-9A1E7A4F7556}") = "Lima.Admin.Api.Test", "Tests\Lima.Admin.Test\Lima.Admin.Api.Test.csproj", "{EB0FDAC6-7D47-4009-BFCD-4E2FF2A695DA}"
EndProject
Project("{9A19103F-16F7-4668-BE54-9A1E7A4F7556}") = "Lima.Testing", "Core\Lima.Testing\Lima.Testing.csproj", "{60DE14C2-EA1A-4F4D-BEC3-40D0F70C0DC3}"
EndProject
Project("{2150E333-8FDC-42A3-9474-1A3956D46DE8}") = "Lima.Services.Company", "Lima.Services.Company", "{9AB41258-319B-4FD7-ADFA-D2AC0369D402}"
EndProject
Project("{2150E333-8FDC-42A3-9474-1A3956D46DE8}") = "Lima.Services.Messaging", "Lima.Services.Messaging", "{E0CA9854-1023-457A-B52D-7A22E55FE8C8}"
EndProject
Project("{9A19103F-16F7-4668-BE54-9A1E7A4F7556}") = "Lima.Company.Api", "Microservices\Lima.Company.Api\Lima.Company.Api.csproj", "{8A1C6B40-0B49-4898-BBE6-E58E9AA710D0}"
EndProject
Project("{2150E333-8FDC-42A3-9474-1A3956D46DE8}") = "Lima.Services.Notification", "Lima.Services.Notification", "{51DF619F-A00E-44ED-903D-AABCD78774F3}"
EndProject
Project("{9A19103F-16F7-4668-BE54-9A1E7A4F7556}") = "Lima.Notification.Api", "Microservices\Lima.Notification.Api\Lima.Notification.Api\Lima.Notification.Api.csproj", "{F67F6B0F-577C-4DEB-90BC-2031AE35E02D}"
EndProject
Project("{2150E333-8FDC-42A3-9474-1A3956D46DE8}") = "Lima.Services.Static", "Lima.Services.Static", "{E5901EA5-9591-4452-B71C-339B181A1410}"
EndProject
Project("{9A19103F-16F7-4668-BE54-9A1E7A4F7556}") = "Lima.Static.Api", "Microservices\Lima.Static.Api\Lima.Static.Api\Lima.Static.Api.csproj", "{6C39CF93-4274-4DFA-B39C-481197D8C1F9}"
EndProject
Project("{2150E333-8FDC-42A3-9474-1A3956D46DE8}") = "Lima.Services.Grants", "Lima.Services.Grants", "{622BB021-B666-41CA-BAC3-3AA1BE192C19}"
EndProject
Project("{9A19103F-16F7-4668-BE54-9A1E7A4F7556}") = "Lima.Grants.Api", "Microservices\Lima.Grants.Api\Lima.Grants.Api.csproj", "{237A8BEA-EC27-4B80-9840-5C0F060C6AED}"
EndProject
Project("{2150E333-8FDC-42A3-9474-1A3956D46DE8}") = "Utils", "Utils", "{51E37205-DA90-47E6-911D-B371C8069152}"
EndProject
Project("{9A19103F-16F7-4668-BE54-9A1E7A4F7556}") = "DocumentParser.Client", "Utils\DocumentParser.Client\DocumentParser.Client.csproj", "{DE9B3741-93C0-4CD0-9667-B11C66303F79}"
EndProject
Project("{2150E333-8FDC-42A3-9474-1A3956D46DE8}") = "Lima.Services.SalesProCRM", "Lima.Services.SalesProCRM", "{B6D63E2F-2CC9-4EEF-9CEC-7029B0271EF2}"
EndProject
Project("{9A19103F-16F7-4668-BE54-9A1E7A4F7556}") = "Lima.SalesProCRM.Api", "Microservices\Lima.SalesProCRM.Api\Lima.SalesProCRM.Api.csproj", "{4413C8AD-B3E3-4C74-AECA-D3208D0B681F}"
EndProject
Project("{9A19103F-16F7-4668-BE54-9A1E7A4F7556}") = "Chat.Client", "Chat.Client\Chat.Client.csproj", "{83CECB75-0CF7-4062-9E0A-4AD75C90199D}"
EndProject
Project("{9A19103F-16F7-4668-BE54-9A1E7A4F7556}") = "Lima.Messaging.Api", "Microservices\Lima.Messaging.Api\Lima.Messaging.Api.csproj", "{31F65482-59B9-40AD-AF71-283314561659}"
EndProject
Project("{2150E333-8FDC-42A3-9474-1A3956D46DE8}") = "Lima.Services.Leads", "Lima.Services.Leads", "{8B2D5A0A-A58F-4975-AE88-5C44706211A4}"
EndProject
Project("{9A19103F-16F7-4668-BE54-9A1E7A4F7556}") = "Lima.Leads.Api", "Microservices\Lima.Leads.Api\Lima.Leads.Api.csproj", "{AB74A732-90E5-447B-8943-C5D35B118AAB}"
EndProject
Global
	GlobalSection(SolutionConfigurationPlatforms) = preSolution
		Debug|Any CPU = Debug|Any CPU
		Release|Any CPU = Release|Any CPU
	EndGlobalSection
	GlobalSection(ProjectConfigurationPlatforms) = postSolution
		{EE2013BB-874C-4DBE-99FB-6B6C3EF1952F}.Debug|Any CPU.ActiveCfg = Debug|Any CPU
		{EE2013BB-874C-4DBE-99FB-6B6C3EF1952F}.Debug|Any CPU.Build.0 = Debug|Any CPU
		{EE2013BB-874C-4DBE-99FB-6B6C3EF1952F}.Release|Any CPU.ActiveCfg = Release|Any CPU
		{EE2013BB-874C-4DBE-99FB-6B6C3EF1952F}.Release|Any CPU.Build.0 = Release|Any CPU
		{0E0ACBAA-9CE6-4951-B2A9-1F9194546D1C}.Debug|Any CPU.ActiveCfg = Debug|Any CPU
		{0E0ACBAA-9CE6-4951-B2A9-1F9194546D1C}.Debug|Any CPU.Build.0 = Debug|Any CPU
		{0E0ACBAA-9CE6-4951-B2A9-1F9194546D1C}.Release|Any CPU.ActiveCfg = Release|Any CPU
		{0E0ACBAA-9CE6-4951-B2A9-1F9194546D1C}.Release|Any CPU.Build.0 = Release|Any CPU
		{E16CF086-846B-46FC-A49C-D461AB0370A5}.Debug|Any CPU.ActiveCfg = Debug|Any CPU
		{E16CF086-846B-46FC-A49C-D461AB0370A5}.Debug|Any CPU.Build.0 = Debug|Any CPU
		{E16CF086-846B-46FC-A49C-D461AB0370A5}.Release|Any CPU.ActiveCfg = Release|Any CPU
		{E16CF086-846B-46FC-A49C-D461AB0370A5}.Release|Any CPU.Build.0 = Release|Any CPU
		{AECC54DF-4F81-4BCC-8FC4-57B261D1DFC5}.Debug|Any CPU.ActiveCfg = Debug|Any CPU
		{AECC54DF-4F81-4BCC-8FC4-57B261D1DFC5}.Debug|Any CPU.Build.0 = Debug|Any CPU
		{AECC54DF-4F81-4BCC-8FC4-57B261D1DFC5}.Release|Any CPU.ActiveCfg = Release|Any CPU
		{AECC54DF-4F81-4BCC-8FC4-57B261D1DFC5}.Release|Any CPU.Build.0 = Release|Any CPU
		{B34F8FAA-420A-43CA-B834-0F1FB1DD2D94}.Debug|Any CPU.ActiveCfg = Debug|Any CPU
		{B34F8FAA-420A-43CA-B834-0F1FB1DD2D94}.Debug|Any CPU.Build.0 = Debug|Any CPU
		{B34F8FAA-420A-43CA-B834-0F1FB1DD2D94}.Release|Any CPU.ActiveCfg = Release|Any CPU
		{B34F8FAA-420A-43CA-B834-0F1FB1DD2D94}.Release|Any CPU.Build.0 = Release|Any CPU
		{C8019ED2-1008-421D-9F97-27C5EF274CCA}.Debug|Any CPU.ActiveCfg = Debug|Any CPU
		{C8019ED2-1008-421D-9F97-27C5EF274CCA}.Debug|Any CPU.Build.0 = Debug|Any CPU
		{C8019ED2-1008-421D-9F97-27C5EF274CCA}.Release|Any CPU.ActiveCfg = Release|Any CPU
		{C8019ED2-1008-421D-9F97-27C5EF274CCA}.Release|Any CPU.Build.0 = Release|Any CPU
		{7E8372C3-1D95-453E-85A0-66215B427EEE}.Debug|Any CPU.ActiveCfg = Debug|Any CPU
		{7E8372C3-1D95-453E-85A0-66215B427EEE}.Debug|Any CPU.Build.0 = Debug|Any CPU
		{7E8372C3-1D95-453E-85A0-66215B427EEE}.Release|Any CPU.ActiveCfg = Release|Any CPU
		{7E8372C3-1D95-453E-85A0-66215B427EEE}.Release|Any CPU.Build.0 = Release|Any CPU
		{C82A5A04-0793-46E0-9E04-BC63B422D445}.Debug|Any CPU.ActiveCfg = Debug|Any CPU
		{C82A5A04-0793-46E0-9E04-BC63B422D445}.Debug|Any CPU.Build.0 = Debug|Any CPU
		{C82A5A04-0793-46E0-9E04-BC63B422D445}.Release|Any CPU.ActiveCfg = Release|Any CPU
		{C82A5A04-0793-46E0-9E04-BC63B422D445}.Release|Any CPU.Build.0 = Release|Any CPU
		{9658B733-989C-4023-AB96-57F8ABB3A1FF}.Debug|Any CPU.ActiveCfg = Debug|Any CPU
		{9658B733-989C-4023-AB96-57F8ABB3A1FF}.Debug|Any CPU.Build.0 = Debug|Any CPU
		{9658B733-989C-4023-AB96-57F8ABB3A1FF}.Release|Any CPU.ActiveCfg = Release|Any CPU
		{9658B733-989C-4023-AB96-57F8ABB3A1FF}.Release|Any CPU.Build.0 = Release|Any CPU
		{AD65131B-BF16-450F-9032-14103C877CD4}.Debug|Any CPU.ActiveCfg = Debug|Any CPU
		{AD65131B-BF16-450F-9032-14103C877CD4}.Debug|Any CPU.Build.0 = Debug|Any CPU
		{AD65131B-BF16-450F-9032-14103C877CD4}.Release|Any CPU.ActiveCfg = Release|Any CPU
		{AD65131B-BF16-450F-9032-14103C877CD4}.Release|Any CPU.Build.0 = Release|Any CPU
		{DF96A996-FA58-440A-BF00-D002ACDD4C84}.Debug|Any CPU.ActiveCfg = Debug|Any CPU
		{DF96A996-FA58-440A-BF00-D002ACDD4C84}.Debug|Any CPU.Build.0 = Debug|Any CPU
		{DF96A996-FA58-440A-BF00-D002ACDD4C84}.Release|Any CPU.ActiveCfg = Release|Any CPU
		{DF96A996-FA58-440A-BF00-D002ACDD4C84}.Release|Any CPU.Build.0 = Release|Any CPU
		{734149D7-1B1A-469E-A9C4-756B0FFA8011}.Debug|Any CPU.ActiveCfg = Debug|Any CPU
		{734149D7-1B1A-469E-A9C4-756B0FFA8011}.Debug|Any CPU.Build.0 = Debug|Any CPU
		{734149D7-1B1A-469E-A9C4-756B0FFA8011}.Release|Any CPU.ActiveCfg = Release|Any CPU
		{734149D7-1B1A-469E-A9C4-756B0FFA8011}.Release|Any CPU.Build.0 = Release|Any CPU
		{301153A0-FD6A-472E-9AE6-7F8B8F927F04}.Debug|Any CPU.ActiveCfg = Debug|Any CPU
		{301153A0-FD6A-472E-9AE6-7F8B8F927F04}.Debug|Any CPU.Build.0 = Debug|Any CPU
		{301153A0-FD6A-472E-9AE6-7F8B8F927F04}.Release|Any CPU.ActiveCfg = Release|Any CPU
		{301153A0-FD6A-472E-9AE6-7F8B8F927F04}.Release|Any CPU.Build.0 = Release|Any CPU
		{E172C745-393D-4E99-9A11-5A3EFC160738}.Debug|Any CPU.ActiveCfg = Debug|Any CPU
		{E172C745-393D-4E99-9A11-5A3EFC160738}.Debug|Any CPU.Build.0 = Debug|Any CPU
		{E172C745-393D-4E99-9A11-5A3EFC160738}.Release|Any CPU.ActiveCfg = Release|Any CPU
		{E172C745-393D-4E99-9A11-5A3EFC160738}.Release|Any CPU.Build.0 = Release|Any CPU
		{A2AC2C45-B89C-4F39-8B5A-8844D73178D8}.Debug|Any CPU.ActiveCfg = Debug|Any CPU
		{A2AC2C45-B89C-4F39-8B5A-8844D73178D8}.Debug|Any CPU.Build.0 = Debug|Any CPU
		{A2AC2C45-B89C-4F39-8B5A-8844D73178D8}.Release|Any CPU.ActiveCfg = Release|Any CPU
		{A2AC2C45-B89C-4F39-8B5A-8844D73178D8}.Release|Any CPU.Build.0 = Release|Any CPU
		{EB0FDAC6-7D47-4009-BFCD-4E2FF2A695DA}.Debug|Any CPU.ActiveCfg = Debug|Any CPU
		{EB0FDAC6-7D47-4009-BFCD-4E2FF2A695DA}.Debug|Any CPU.Build.0 = Debug|Any CPU
		{EB0FDAC6-7D47-4009-BFCD-4E2FF2A695DA}.Release|Any CPU.ActiveCfg = Release|Any CPU
		{EB0FDAC6-7D47-4009-BFCD-4E2FF2A695DA}.Release|Any CPU.Build.0 = Release|Any CPU
		{60DE14C2-EA1A-4F4D-BEC3-40D0F70C0DC3}.Debug|Any CPU.ActiveCfg = Debug|Any CPU
		{60DE14C2-EA1A-4F4D-BEC3-40D0F70C0DC3}.Debug|Any CPU.Build.0 = Debug|Any CPU
		{60DE14C2-EA1A-4F4D-BEC3-40D0F70C0DC3}.Release|Any CPU.ActiveCfg = Release|Any CPU
		{60DE14C2-EA1A-4F4D-BEC3-40D0F70C0DC3}.Release|Any CPU.Build.0 = Release|Any CPU
		{8A1C6B40-0B49-4898-BBE6-E58E9AA710D0}.Debug|Any CPU.ActiveCfg = Debug|Any CPU
		{8A1C6B40-0B49-4898-BBE6-E58E9AA710D0}.Debug|Any CPU.Build.0 = Debug|Any CPU
		{8A1C6B40-0B49-4898-BBE6-E58E9AA710D0}.Release|Any CPU.ActiveCfg = Release|Any CPU
		{8A1C6B40-0B49-4898-BBE6-E58E9AA710D0}.Release|Any CPU.Build.0 = Release|Any CPU
		{F67F6B0F-577C-4DEB-90BC-2031AE35E02D}.Debug|Any CPU.ActiveCfg = Debug|Any CPU
		{F67F6B0F-577C-4DEB-90BC-2031AE35E02D}.Debug|Any CPU.Build.0 = Debug|Any CPU
		{F67F6B0F-577C-4DEB-90BC-2031AE35E02D}.Release|Any CPU.ActiveCfg = Release|Any CPU
		{F67F6B0F-577C-4DEB-90BC-2031AE35E02D}.Release|Any CPU.Build.0 = Release|Any CPU
		{6C39CF93-4274-4DFA-B39C-481197D8C1F9}.Debug|Any CPU.ActiveCfg = Debug|Any CPU
		{6C39CF93-4274-4DFA-B39C-481197D8C1F9}.Debug|Any CPU.Build.0 = Debug|Any CPU
		{6C39CF93-4274-4DFA-B39C-481197D8C1F9}.Release|Any CPU.ActiveCfg = Release|Any CPU
		{6C39CF93-4274-4DFA-B39C-481197D8C1F9}.Release|Any CPU.Build.0 = Release|Any CPU
		{237A8BEA-EC27-4B80-9840-5C0F060C6AED}.Debug|Any CPU.ActiveCfg = Debug|Any CPU
		{237A8BEA-EC27-4B80-9840-5C0F060C6AED}.Debug|Any CPU.Build.0 = Debug|Any CPU
		{237A8BEA-EC27-4B80-9840-5C0F060C6AED}.Release|Any CPU.ActiveCfg = Release|Any CPU
		{237A8BEA-EC27-4B80-9840-5C0F060C6AED}.Release|Any CPU.Build.0 = Release|Any CPU
		{DE9B3741-93C0-4CD0-9667-B11C66303F79}.Debug|Any CPU.ActiveCfg = Debug|Any CPU
		{DE9B3741-93C0-4CD0-9667-B11C66303F79}.Debug|Any CPU.Build.0 = Debug|Any CPU
		{DE9B3741-93C0-4CD0-9667-B11C66303F79}.Release|Any CPU.ActiveCfg = Release|Any CPU
		{DE9B3741-93C0-4CD0-9667-B11C66303F79}.Release|Any CPU.Build.0 = Release|Any CPU
		{4413C8AD-B3E3-4C74-AECA-D3208D0B681F}.Debug|Any CPU.ActiveCfg = Debug|Any CPU
		{4413C8AD-B3E3-4C74-AECA-D3208D0B681F}.Debug|Any CPU.Build.0 = Debug|Any CPU
		{4413C8AD-B3E3-4C74-AECA-D3208D0B681F}.Release|Any CPU.ActiveCfg = Release|Any CPU
		{4413C8AD-B3E3-4C74-AECA-D3208D0B681F}.Release|Any CPU.Build.0 = Release|Any CPU
		{83CECB75-0CF7-4062-9E0A-4AD75C90199D}.Debug|Any CPU.ActiveCfg = Debug|Any CPU
		{83CECB75-0CF7-4062-9E0A-4AD75C90199D}.Debug|Any CPU.Build.0 = Debug|Any CPU
		{83CECB75-0CF7-4062-9E0A-4AD75C90199D}.Release|Any CPU.ActiveCfg = Release|Any CPU
		{83CECB75-0CF7-4062-9E0A-4AD75C90199D}.Release|Any CPU.Build.0 = Release|Any CPU
		{31F65482-59B9-40AD-AF71-283314561659}.Debug|Any CPU.ActiveCfg = Debug|Any CPU
		{31F65482-59B9-40AD-AF71-283314561659}.Debug|Any CPU.Build.0 = Debug|Any CPU
		{31F65482-59B9-40AD-AF71-283314561659}.Release|Any CPU.ActiveCfg = Release|Any CPU
		{31F65482-59B9-40AD-AF71-283314561659}.Release|Any CPU.Build.0 = Release|Any CPU
		{AB74A732-90E5-447B-8943-C5D35B118AAB}.Debug|Any CPU.ActiveCfg = Debug|Any CPU
		{AB74A732-90E5-447B-8943-C5D35B118AAB}.Debug|Any CPU.Build.0 = Debug|Any CPU
		{AB74A732-90E5-447B-8943-C5D35B118AAB}.Release|Any CPU.ActiveCfg = Release|Any CPU
		{AB74A732-90E5-447B-8943-C5D35B118AAB}.Release|Any CPU.Build.0 = Release|Any CPU
	EndGlobalSection
	GlobalSection(SolutionProperties) = preSolution
		HideSolutionNode = FALSE
	EndGlobalSection
	GlobalSection(NestedProjects) = preSolution
		{EE2013BB-874C-4DBE-99FB-6B6C3EF1952F} = {B4615E3C-21E7-46AE-B2C8-093B4879A4BC}
		{0E0ACBAA-9CE6-4951-B2A9-1F9194546D1C} = {62C3F28D-C71E-43A1-B3EE-6659CFA8F844}
		{E16CF086-846B-46FC-A49C-D461AB0370A5} = {C5FEF05F-7CCE-4169-8025-020613D9473E}
		{AECC54DF-4F81-4BCC-8FC4-57B261D1DFC5} = {D1458669-C6FB-4148-B609-2D980DB636EE}
		{B34F8FAA-420A-43CA-B834-0F1FB1DD2D94} = {A7D5683D-9DB4-43CA-BA44-B4C64E95FA82}
		{C8019ED2-1008-421D-9F97-27C5EF274CCA} = {A320D2FD-1941-4E51-AAEC-7D2AD8FFC839}
		{7E8372C3-1D95-453E-85A0-66215B427EEE} = {FC5042DE-E8F5-4D49-B736-C7F8F9118DD8}
		{C82A5A04-0793-46E0-9E04-BC63B422D445} = {5DE5CBA8-B865-4A9F-8547-C20871DC1628}
		{9658B733-989C-4023-AB96-57F8ABB3A1FF} = {00233C11-B69B-41D8-AFAD-302E6A06688E}
		{AD65131B-BF16-450F-9032-14103C877CD4} = {46FA835E-68BC-4440-86E3-17BE06794E12}
		{DF96A996-FA58-440A-BF00-D002ACDD4C84} = {0D0B93B7-95F6-4DA1-845A-806D7D606B7D}
		{A7D5683D-9DB4-43CA-BA44-B4C64E95FA82} = {AFE9FEAA-146F-441F-99B7-2596FDD28E56}
		{734149D7-1B1A-469E-A9C4-756B0FFA8011} = {A7D5683D-9DB4-43CA-BA44-B4C64E95FA82}
		{301153A0-FD6A-472E-9AE6-7F8B8F927F04} = {A268561E-70FA-407E-8CDD-DEA10DCE73D8}
		{D75FB890-13C3-45FC-A68C-690E881CD9F0} = {AFE9FEAA-146F-441F-99B7-2596FDD28E56}
		{E172C745-393D-4E99-9A11-5A3EFC160738} = {D75FB890-13C3-45FC-A68C-690E881CD9F0}
		{C137BF68-27DC-4D04-B50B-41B3A4671527} = {AFE9FEAA-146F-441F-99B7-2596FDD28E56}
		{A2AC2C45-B89C-4F39-8B5A-8844D73178D8} = {C137BF68-27DC-4D04-B50B-41B3A4671527}
		{0D0B93B7-95F6-4DA1-845A-806D7D606B7D} = {AFE9FEAA-146F-441F-99B7-2596FDD28E56}
		{C5FEF05F-7CCE-4169-8025-020613D9473E} = {AFE9FEAA-146F-441F-99B7-2596FDD28E56}
		{46FA835E-68BC-4440-86E3-17BE06794E12} = {AFE9FEAA-146F-441F-99B7-2596FDD28E56}
		{A320D2FD-1941-4E51-AAEC-7D2AD8FFC839} = {AFE9FEAA-146F-441F-99B7-2596FDD28E56}
		{5DE5CBA8-B865-4A9F-8547-C20871DC1628} = {AFE9FEAA-146F-441F-99B7-2596FDD28E56}
		{00233C11-B69B-41D8-AFAD-302E6A06688E} = {AFE9FEAA-146F-441F-99B7-2596FDD28E56}
		{FC5042DE-E8F5-4D49-B736-C7F8F9118DD8} = {AFE9FEAA-146F-441F-99B7-2596FDD28E56}
		{62C3F28D-C71E-43A1-B3EE-6659CFA8F844} = {AFE9FEAA-146F-441F-99B7-2596FDD28E56}
		{EB0FDAC6-7D47-4009-BFCD-4E2FF2A695DA} = {0D0B93B7-95F6-4DA1-845A-806D7D606B7D}
		{60DE14C2-EA1A-4F4D-BEC3-40D0F70C0DC3} = {D1458669-C6FB-4148-B609-2D980DB636EE}
		{9AB41258-319B-4FD7-ADFA-D2AC0369D402} = {AFE9FEAA-146F-441F-99B7-2596FDD28E56}
		{E0CA9854-1023-457A-B52D-7A22E55FE8C8} = {AFE9FEAA-146F-441F-99B7-2596FDD28E56}
		{8A1C6B40-0B49-4898-BBE6-E58E9AA710D0} = {9AB41258-319B-4FD7-ADFA-D2AC0369D402}
		{51DF619F-A00E-44ED-903D-AABCD78774F3} = {AFE9FEAA-146F-441F-99B7-2596FDD28E56}
		{F67F6B0F-577C-4DEB-90BC-2031AE35E02D} = {51DF619F-A00E-44ED-903D-AABCD78774F3}
		{E5901EA5-9591-4452-B71C-339B181A1410} = {AFE9FEAA-146F-441F-99B7-2596FDD28E56}
		{6C39CF93-4274-4DFA-B39C-481197D8C1F9} = {E5901EA5-9591-4452-B71C-339B181A1410}
		{622BB021-B666-41CA-BAC3-3AA1BE192C19} = {AFE9FEAA-146F-441F-99B7-2596FDD28E56}
		{237A8BEA-EC27-4B80-9840-5C0F060C6AED} = {622BB021-B666-41CA-BAC3-3AA1BE192C19}
		{DE9B3741-93C0-4CD0-9667-B11C66303F79} = {51E37205-DA90-47E6-911D-B371C8069152}
		{B6D63E2F-2CC9-4EEF-9CEC-7029B0271EF2} = {AFE9FEAA-146F-441F-99B7-2596FDD28E56}
		{4413C8AD-B3E3-4C74-AECA-D3208D0B681F} = {B6D63E2F-2CC9-4EEF-9CEC-7029B0271EF2}
		{83CECB75-0CF7-4062-9E0A-4AD75C90199D} = {51E37205-DA90-47E6-911D-B371C8069152}
		{31F65482-59B9-40AD-AF71-283314561659} = {E0CA9854-1023-457A-B52D-7A22E55FE8C8}
		{8B2D5A0A-A58F-4975-AE88-5C44706211A4} = {AFE9FEAA-146F-441F-99B7-2596FDD28E56}
		{AB74A732-90E5-447B-8943-C5D35B118AAB} = {8B2D5A0A-A58F-4975-AE88-5C44706211A4}
	EndGlobalSection
	GlobalSection(ExtensibilityGlobals) = postSolution
		SolutionGuid = {0BF18448-E03C-49D6-ACBE-4D8DAD3AFDCA}
	EndGlobalSection
EndGlobal
